
Microsoft Visual Studio Solution File, Format Version 12.00
# Visual Studio Version 16
VisualStudioVersion = 16.0.30330.147
MinimumVisualStudioVersion = 10.0.40219.1
Project("{2150E333-8FDC-42A3-9474-1A3956D46DE8}") = "Component", "Component", "{808AF3B1-813C-421A-B6B8-49F2DA505B7C}"
EndProject
Project("{2150E333-8FDC-42A3-9474-1A3956D46DE8}") = "Team", "Team", "{43B62DBC-D7E2-4F82-8D88-BF7A90ED3CDA}"
EndProject
Project("{2150E333-8FDC-42A3-9474-1A3956D46DE8}") = "Account", "Account", "{C6DE1AD1-E4C8-4D10-B452-CB68A79B3D6C}"
EndProject
Project("{2150E333-8FDC-42A3-9474-1A3956D46DE8}") = "Clients", "Clients", "{7B8A8ADF-0C76-47D9-AED0-CD4D017E4E15}"
EndProject
Project("{2150E333-8FDC-42A3-9474-1A3956D46DE8}") = "React", "React", "{993D11A2-46A6-45CE-9DD7-143BA39FDAE7}"
EndProject
Project("{2150E333-8FDC-42A3-9474-1A3956D46DE8}") = "Angular", "Angular", "{375B1618-FFCE-4AB5-8E2D-2648D05A3816}"
EndProject
Project("{2150E333-8FDC-42A3-9474-1A3956D46DE8}") = "Blazor", "Blazor", "{8A3FBE23-5D81-4997-B36D-8FA208C34B59}"
EndProject
Project("{9A19103F-16F7-4668-BE54-9A1E7A4F7556}") = "AccountResourceAccess", "Component\Account\AccountResourceAccess\AccountResourceAccess.csproj", "{7CFC10D2-D1B4-4101-9D52-A71B2D29A6F9}"
EndProject
Project("{9A19103F-16F7-4668-BE54-9A1E7A4F7556}") = "AccountManager", "Component\Account\AccountManager\AccountManager.csproj", "{0B0CF897-2B21-43B2-8094-7E2706CB3B7A}"
EndProject
Project("{9A19103F-16F7-4668-BE54-9A1E7A4F7556}") = "AccountEngine", "Component\Account\AccountEngine\AccountEngine.csproj", "{26BB7785-94CC-4941-A020-0C91535B30F9}"
EndProject
Project("{9A19103F-16F7-4668-BE54-9A1E7A4F7556}") = "AccountApi", "Component\Account\AccountApi\AccountApi.csproj", "{7155243A-52FF-48E9-84A0-9A034CD2AF1E}"
EndProject
Project("{9A19103F-16F7-4668-BE54-9A1E7A4F7556}") = "TeamResourceAccess", "Component\Team\TeamResourceAccess\TeamResourceAccess.csproj", "{7D0F8101-9928-44D7-896D-29815C1592CF}"
EndProject
Project("{9A19103F-16F7-4668-BE54-9A1E7A4F7556}") = "TeamApi", "Component\Team\TeamApi\TeamApi.csproj", "{1A6F3B0B-788C-4598-B1CB-BB8C4D6D2AD0}"
EndProject
Project("{2150E333-8FDC-42A3-9474-1A3956D46DE8}") = "Player", "Player", "{9B3FB753-642C-427B-B1BE-9D04471ED5B6}"
EndProject
Project("{2150E333-8FDC-42A3-9474-1A3956D46DE8}") = "Shared", "Shared", "{9303CE16-5E4D-4FD2-BC5C-1C17831BBC77}"
EndProject
Project("{FAE04EC0-301F-11D3-BF4B-00C04F79EFBC}") = "SoPocFramework", "Shared\SoPocFramework\SoPocFramework.csproj", "{420EB701-4107-4FC2-9C72-8ADBCD85F425}"
EndProject
Project("{FAE04EC0-301F-11D3-BF4B-00C04F79EFBC}") = "FotballAngularClient", "Clients\Angular\FotballAngularClient\FotballAngularClient.csproj", "{E776F726-2E1A-48D1-BC01-BB354B92CC97}"
EndProject
Global
	GlobalSection(SolutionConfigurationPlatforms) = preSolution
		Debug|Any CPU = Debug|Any CPU
		Release|Any CPU = Release|Any CPU
	EndGlobalSection
	GlobalSection(ProjectConfigurationPlatforms) = postSolution
		{7CFC10D2-D1B4-4101-9D52-A71B2D29A6F9}.Debug|Any CPU.ActiveCfg = Debug|Any CPU
		{7CFC10D2-D1B4-4101-9D52-A71B2D29A6F9}.Debug|Any CPU.Build.0 = Debug|Any CPU
		{7CFC10D2-D1B4-4101-9D52-A71B2D29A6F9}.Release|Any CPU.ActiveCfg = Release|Any CPU
		{7CFC10D2-D1B4-4101-9D52-A71B2D29A6F9}.Release|Any CPU.Build.0 = Release|Any CPU
		{0B0CF897-2B21-43B2-8094-7E2706CB3B7A}.Debug|Any CPU.ActiveCfg = Debug|Any CPU
		{0B0CF897-2B21-43B2-8094-7E2706CB3B7A}.Debug|Any CPU.Build.0 = Debug|Any CPU
		{0B0CF897-2B21-43B2-8094-7E2706CB3B7A}.Release|Any CPU.ActiveCfg = Release|Any CPU
		{0B0CF897-2B21-43B2-8094-7E2706CB3B7A}.Release|Any CPU.Build.0 = Release|Any CPU
		{26BB7785-94CC-4941-A020-0C91535B30F9}.Debug|Any CPU.ActiveCfg = Debug|Any CPU
		{26BB7785-94CC-4941-A020-0C91535B30F9}.Debug|Any CPU.Build.0 = Debug|Any CPU
		{26BB7785-94CC-4941-A020-0C91535B30F9}.Release|Any CPU.ActiveCfg = Release|Any CPU
		{26BB7785-94CC-4941-A020-0C91535B30F9}.Release|Any CPU.Build.0 = Release|Any CPU
		{7155243A-52FF-48E9-84A0-9A034CD2AF1E}.Debug|Any CPU.ActiveCfg = Debug|Any CPU
		{7155243A-52FF-48E9-84A0-9A034CD2AF1E}.Debug|Any CPU.Build.0 = Debug|Any CPU
		{7155243A-52FF-48E9-84A0-9A034CD2AF1E}.Release|Any CPU.ActiveCfg = Release|Any CPU
		{7155243A-52FF-48E9-84A0-9A034CD2AF1E}.Release|Any CPU.Build.0 = Release|Any CPU
		{7D0F8101-9928-44D7-896D-29815C1592CF}.Debug|Any CPU.ActiveCfg = Debug|Any CPU
		{7D0F8101-9928-44D7-896D-29815C1592CF}.Debug|Any CPU.Build.0 = Debug|Any CPU
		{7D0F8101-9928-44D7-896D-29815C1592CF}.Release|Any CPU.ActiveCfg = Release|Any CPU
		{7D0F8101-9928-44D7-896D-29815C1592CF}.Release|Any CPU.Build.0 = Release|Any CPU
		{1A6F3B0B-788C-4598-B1CB-BB8C4D6D2AD0}.Debug|Any CPU.ActiveCfg = Debug|Any CPU
		{1A6F3B0B-788C-4598-B1CB-BB8C4D6D2AD0}.Debug|Any CPU.Build.0 = Debug|Any CPU
		{1A6F3B0B-788C-4598-B1CB-BB8C4D6D2AD0}.Release|Any CPU.ActiveCfg = Release|Any CPU
		{1A6F3B0B-788C-4598-B1CB-BB8C4D6D2AD0}.Release|Any CPU.Build.0 = Release|Any CPU
		{420EB701-4107-4FC2-9C72-8ADBCD85F425}.Debug|Any CPU.ActiveCfg = Debug|Any CPU
		{420EB701-4107-4FC2-9C72-8ADBCD85F425}.Debug|Any CPU.Build.0 = Debug|Any CPU
		{420EB701-4107-4FC2-9C72-8ADBCD85F425}.Release|Any CPU.ActiveCfg = Release|Any CPU
		{420EB701-4107-4FC2-9C72-8ADBCD85F425}.Release|Any CPU.Build.0 = Release|Any CPU
		{E776F726-2E1A-48D1-BC01-BB354B92CC97}.Debug|Any CPU.ActiveCfg = Debug|Any CPU
		{E776F726-2E1A-48D1-BC01-BB354B92CC97}.Debug|Any CPU.Build.0 = Debug|Any CPU
		{E776F726-2E1A-48D1-BC01-BB354B92CC97}.Release|Any CPU.ActiveCfg = Release|Any CPU
		{E776F726-2E1A-48D1-BC01-BB354B92CC97}.Release|Any CPU.Build.0 = Release|Any CPU
	EndGlobalSection
	GlobalSection(SolutionProperties) = preSolution
		HideSolutionNode = FALSE
	EndGlobalSection
	GlobalSection(NestedProjects) = preSolution
		{43B62DBC-D7E2-4F82-8D88-BF7A90ED3CDA} = {808AF3B1-813C-421A-B6B8-49F2DA505B7C}
		{C6DE1AD1-E4C8-4D10-B452-CB68A79B3D6C} = {808AF3B1-813C-421A-B6B8-49F2DA505B7C}
		{993D11A2-46A6-45CE-9DD7-143BA39FDAE7} = {7B8A8ADF-0C76-47D9-AED0-CD4D017E4E15}
		{375B1618-FFCE-4AB5-8E2D-2648D05A3816} = {7B8A8ADF-0C76-47D9-AED0-CD4D017E4E15}
		{8A3FBE23-5D81-4997-B36D-8FA208C34B59} = {7B8A8ADF-0C76-47D9-AED0-CD4D017E4E15}
		{7CFC10D2-D1B4-4101-9D52-A71B2D29A6F9} = {C6DE1AD1-E4C8-4D10-B452-CB68A79B3D6C}
		{0B0CF897-2B21-43B2-8094-7E2706CB3B7A} = {C6DE1AD1-E4C8-4D10-B452-CB68A79B3D6C}
		{26BB7785-94CC-4941-A020-0C91535B30F9} = {C6DE1AD1-E4C8-4D10-B452-CB68A79B3D6C}
		{7155243A-52FF-48E9-84A0-9A034CD2AF1E} = {C6DE1AD1-E4C8-4D10-B452-CB68A79B3D6C}
		{7D0F8101-9928-44D7-896D-29815C1592CF} = {43B62DBC-D7E2-4F82-8D88-BF7A90ED3CDA}
		{1A6F3B0B-788C-4598-B1CB-BB8C4D6D2AD0} = {43B62DBC-D7E2-4F82-8D88-BF7A90ED3CDA}
		{9B3FB753-642C-427B-B1BE-9D04471ED5B6} = {808AF3B1-813C-421A-B6B8-49F2DA505B7C}
		{420EB701-4107-4FC2-9C72-8ADBCD85F425} = {9303CE16-5E4D-4FD2-BC5C-1C17831BBC77}
		{E776F726-2E1A-48D1-BC01-BB354B92CC97} = {375B1618-FFCE-4AB5-8E2D-2648D05A3816}
	EndGlobalSection
	GlobalSection(ExtensibilityGlobals) = postSolution
		SolutionGuid = {D505BB99-74D9-417F-93CF-CEA16F74E741}
	EndGlobalSection
EndGlobal
